
Microsoft Visual Studio Solution File, Format Version 12.00
# Visual Studio Version 16
VisualStudioVersion = 16.0.32106.194
MinimumVisualStudioVersion = 10.0.40219.1
Project("{FAE04EC0-301F-11D3-BF4B-00C04F79EFBC}") = "LabClases1", "LabClases1.csproj", "{626DC832-39FB-4547-AD0B-810BCD448CB9}"
EndProject
Project("{FAE04EC0-301F-11D3-BF4B-00C04F79EFBC}") = "Clases", "..\Clases\Clases.csproj", "{89D73853-ED2F-4EC2-97E9-7C7ED423443D}"
EndProject
Global
	GlobalSection(SolutionConfigurationPlatforms) = preSolution
		Debug|Any CPU = Debug|Any CPU
		Release|Any CPU = Release|Any CPU
	EndGlobalSection
	GlobalSection(ProjectConfigurationPlatforms) = postSolution
		{626DC832-39FB-4547-AD0B-810BCD448CB9}.Debug|Any CPU.ActiveCfg = Debug|Any CPU
		{626DC832-39FB-4547-AD0B-810BCD448CB9}.Debug|Any CPU.Build.0 = Debug|Any CPU
		{626DC832-39FB-4547-AD0B-810BCD448CB9}.Release|Any CPU.ActiveCfg = Release|Any CPU
		{626DC832-39FB-4547-AD0B-810BCD448CB9}.Release|Any CPU.Build.0 = Release|Any CPU
		{89D73853-ED2F-4EC2-97E9-7C7ED423443D}.Debug|Any CPU.ActiveCfg = Debug|Any CPU
		{89D73853-ED2F-4EC2-97E9-7C7ED423443D}.Debug|Any CPU.Build.0 = Debug|Any CPU
		{89D73853-ED2F-4EC2-97E9-7C7ED423443D}.Release|Any CPU.ActiveCfg = Release|Any CPU
		{89D73853-ED2F-4EC2-97E9-7C7ED423443D}.Release|Any CPU.Build.0 = Release|Any CPU
	EndGlobalSection
	GlobalSection(SolutionProperties) = preSolution
		HideSolutionNode = FALSE
	EndGlobalSection
	GlobalSection(ExtensibilityGlobals) = postSolution
		SolutionGuid = {B6F1B55F-79E2-4E66-A3B8-98CC7BCDF9A0}
	EndGlobalSection
EndGlobal
