
Microsoft Visual Studio Solution File, Format Version 12.00
# Visual Studio Version 17
VisualStudioVersion = 17.5.33530.505
MinimumVisualStudioVersion = 10.0.40219.1
Project("{FAE04EC0-301F-11D3-BF4B-00C04F79EFBC}") = "CrearPersona", "CrearPersona.csproj", "{F86EF7D3-3C78-41F3-BB11-DB4AFB79A22B}"
EndProject
Project("{FAE04EC0-301F-11D3-BF4B-00C04F79EFBC}") = "pruebaPersona", "..\pruebaPersona\pruebaPersona.csproj", "{727284EB-8ECA-4983-ADFC-9EE88C4ACAE5}"
EndProject
Global
	GlobalSection(SolutionConfigurationPlatforms) = preSolution
		Debug|Any CPU = Debug|Any CPU
		Release|Any CPU = Release|Any CPU
	EndGlobalSection
	GlobalSection(ProjectConfigurationPlatforms) = postSolution
		{F86EF7D3-3C78-41F3-BB11-DB4AFB79A22B}.Debug|Any CPU.ActiveCfg = Debug|Any CPU
		{F86EF7D3-3C78-41F3-BB11-DB4AFB79A22B}.Debug|Any CPU.Build.0 = Debug|Any CPU
		{F86EF7D3-3C78-41F3-BB11-DB4AFB79A22B}.Release|Any CPU.ActiveCfg = Release|Any CPU
		{F86EF7D3-3C78-41F3-BB11-DB4AFB79A22B}.Release|Any CPU.Build.0 = Release|Any CPU
		{727284EB-8ECA-4983-ADFC-9EE88C4ACAE5}.Debug|Any CPU.ActiveCfg = Debug|Any CPU
		{727284EB-8ECA-4983-ADFC-9EE88C4ACAE5}.Debug|Any CPU.Build.0 = Debug|Any CPU
		{727284EB-8ECA-4983-ADFC-9EE88C4ACAE5}.Release|Any CPU.ActiveCfg = Release|Any CPU
		{727284EB-8ECA-4983-ADFC-9EE88C4ACAE5}.Release|Any CPU.Build.0 = Release|Any CPU
	EndGlobalSection
	GlobalSection(SolutionProperties) = preSolution
		HideSolutionNode = FALSE
	EndGlobalSection
	GlobalSection(ExtensibilityGlobals) = postSolution
		SolutionGuid = {BA0B39FE-0DDE-41F7-BD33-832013D04492}
	EndGlobalSection
EndGlobal
