
Microsoft Visual Studio Solution File, Format Version 12.00
# Visual Studio Version 16
VisualStudioVersion = 16.0.32106.194
MinimumVisualStudioVersion = 10.0.40219.1
Project("{FAE04EC0-301F-11D3-BF4B-00C04F79EFBC}") = "LabSintaxis3-BBC", "LabSintaxis3-BBC.csproj", "{2D9E1ECD-D6A5-411F-A2D5-512075EDFB01}"
EndProject
Global
	GlobalSection(SolutionConfigurationPlatforms) = preSolution
		Debug|Any CPU = Debug|Any CPU
		Release|Any CPU = Release|Any CPU
	EndGlobalSection
	GlobalSection(ProjectConfigurationPlatforms) = postSolution
		{2D9E1ECD-D6A5-411F-A2D5-512075EDFB01}.Debug|Any CPU.ActiveCfg = Debug|Any CPU
		{2D9E1ECD-D6A5-411F-A2D5-512075EDFB01}.Debug|Any CPU.Build.0 = Debug|Any CPU
		{2D9E1ECD-D6A5-411F-A2D5-512075EDFB01}.Release|Any CPU.ActiveCfg = Release|Any CPU
		{2D9E1ECD-D6A5-411F-A2D5-512075EDFB01}.Release|Any CPU.Build.0 = Release|Any CPU
	EndGlobalSection
	GlobalSection(SolutionProperties) = preSolution
		HideSolutionNode = FALSE
	EndGlobalSection
	GlobalSection(ExtensibilityGlobals) = postSolution
		SolutionGuid = {038C49E5-C225-43E9-86A4-5E5EBC150E7D}
	EndGlobalSection
EndGlobal
