
Microsoft Visual Studio Solution File, Format Version 12.00
# Visual Studio Version 16
VisualStudioVersion = 16.0.32106.194
MinimumVisualStudioVersion = 10.0.40219.1
Project("{FAE04EC0-301F-11D3-BF4B-00C04F79EFBC}") = "Lab0201-ParaPensar", "Lab0201-ParaPensar\Lab0201-ParaPensar.csproj", "{FA367222-09E2-464E-A81C-95F30323F0BD}"
EndProject
Global
	GlobalSection(SolutionConfigurationPlatforms) = preSolution
		Debug|Any CPU = Debug|Any CPU
		Release|Any CPU = Release|Any CPU
	EndGlobalSection
	GlobalSection(ProjectConfigurationPlatforms) = postSolution
		{FA367222-09E2-464E-A81C-95F30323F0BD}.Debug|Any CPU.ActiveCfg = Debug|Any CPU
		{FA367222-09E2-464E-A81C-95F30323F0BD}.Debug|Any CPU.Build.0 = Debug|Any CPU
		{FA367222-09E2-464E-A81C-95F30323F0BD}.Release|Any CPU.ActiveCfg = Release|Any CPU
		{FA367222-09E2-464E-A81C-95F30323F0BD}.Release|Any CPU.Build.0 = Release|Any CPU
	EndGlobalSection
	GlobalSection(SolutionProperties) = preSolution
		HideSolutionNode = FALSE
	EndGlobalSection
	GlobalSection(ExtensibilityGlobals) = postSolution
		SolutionGuid = {F7BCEB53-CC20-4AF9-9063-DD46EBF731B4}
	EndGlobalSection
EndGlobal
