
Microsoft Visual Studio Solution File, Format Version 12.00
# Visual Studio Version 17
VisualStudioVersion = 17.5.33627.172
MinimumVisualStudioVersion = 10.0.40219.1
Project("{FAE04EC0-301F-11D3-BF4B-00C04F79EFBC}") = "Unidad 3 capitulo 3", "Unidad 3 capitulo 3.csproj", "{BDC2A09D-9896-4BE1-BB10-ACA6CADCF788}"
EndProject
Global
	GlobalSection(SolutionConfigurationPlatforms) = preSolution
		Debug|Any CPU = Debug|Any CPU
		Release|Any CPU = Release|Any CPU
	EndGlobalSection
	GlobalSection(ProjectConfigurationPlatforms) = postSolution
		{BDC2A09D-9896-4BE1-BB10-ACA6CADCF788}.Debug|Any CPU.ActiveCfg = Debug|Any CPU
		{BDC2A09D-9896-4BE1-BB10-ACA6CADCF788}.Debug|Any CPU.Build.0 = Debug|Any CPU
		{BDC2A09D-9896-4BE1-BB10-ACA6CADCF788}.Release|Any CPU.ActiveCfg = Release|Any CPU
		{BDC2A09D-9896-4BE1-BB10-ACA6CADCF788}.Release|Any CPU.Build.0 = Release|Any CPU
	EndGlobalSection
	GlobalSection(SolutionProperties) = preSolution
		HideSolutionNode = FALSE
	EndGlobalSection
	GlobalSection(ExtensibilityGlobals) = postSolution
		SolutionGuid = {785BB1B8-624E-40A3-913C-25AECAC35001}
	EndGlobalSection
EndGlobal
